
Microsoft Visual Studio Solution File, Format Version 12.00
# Visual Studio 14
VisualStudioVersion = 14.0.25420.1
MinimumVisualStudioVersion = 10.0.40219.1
Project("{FAE04EC0-301F-11D3-BF4B-00C04F79EFBC}") = "30hillsTest", "30hillsTest\30hillsTest.csproj", "{7CD5A330-CF13-4AA0-976A-5F96145981EF}"
EndProject
Project("{FAE04EC0-301F-11D3-BF4B-00C04F79EFBC}") = "dataJson", "dataJson\dataJson.csproj", "{F5C365EA-B9DE-43CF-9414-66EBCCB3BFF9}"
EndProject
Global
	GlobalSection(SolutionConfigurationPlatforms) = preSolution
		Debug|Any CPU = Debug|Any CPU
		Release|Any CPU = Release|Any CPU
	EndGlobalSection
	GlobalSection(ProjectConfigurationPlatforms) = postSolution
		{7CD5A330-CF13-4AA0-976A-5F96145981EF}.Debug|Any CPU.ActiveCfg = Debug|Any CPU
		{7CD5A330-CF13-4AA0-976A-5F96145981EF}.Debug|Any CPU.Build.0 = Debug|Any CPU
		{7CD5A330-CF13-4AA0-976A-5F96145981EF}.Release|Any CPU.ActiveCfg = Release|Any CPU
		{7CD5A330-CF13-4AA0-976A-5F96145981EF}.Release|Any CPU.Build.0 = Release|Any CPU
		{F5C365EA-B9DE-43CF-9414-66EBCCB3BFF9}.Debug|Any CPU.ActiveCfg = Debug|Any CPU
		{F5C365EA-B9DE-43CF-9414-66EBCCB3BFF9}.Debug|Any CPU.Build.0 = Debug|Any CPU
		{F5C365EA-B9DE-43CF-9414-66EBCCB3BFF9}.Release|Any CPU.ActiveCfg = Release|Any CPU
		{F5C365EA-B9DE-43CF-9414-66EBCCB3BFF9}.Release|Any CPU.Build.0 = Release|Any CPU
	EndGlobalSection
	GlobalSection(SolutionProperties) = preSolution
		HideSolutionNode = FALSE
	EndGlobalSection
EndGlobal
